{
  "originHash" : "12d7d082cc1e927d0260825ee212fbbfaf089d46752abce0a874f48c0d111b25",
  "pins" : [
    {
      "identity" : "kingfisher",
      "kind" : "remoteSourceControl",
      "location" : "https://github.com/onevcat/Kingfisher.git",
      "state" : {
        "revision" : "7deda23bbdca612076c5c315003d8638a08ed0f1",
        "version" : "8.3.2"
      }
    },
    {
      "identity" : "lottie-spm",
      "kind" : "remoteSourceControl",
      "location" : "https://github.com/airbnb/lottie-spm.git",
      "state" : {
        "revision" : "8c6edf4f0fa84fe9c058600a4295eb0c01661c69",
        "version" : "4.5.1"
      }
    }
  ],
  "version" : 3
}
